// !$*UTF8*$!
{
	archiveVersion = 1;
	classes = {
	};
	objectVersion = 46;
	objects = {

/* Begin PBXBuildFile section */
		08D45C321C1F1BC70048D8A7 /* json in Headers */ = {isa = PBXBuildFile; fileRef = 08D45C261C1F1A7A0048D8A7 /* json */; settings = {ATTRIBUTES = (Public, ); }; };
		08D86BD41C1F2EF000470C86 /* json_reader.cpp in Sources */ = {isa = PBXBuildFile; fileRef = 08D86BCD1C1F2EF000470C86 /* json_reader.cpp */; };
		08D86BD51C1F2EF000470C86 /* json_tool.h in Headers */ = {isa = PBXBuildFile; fileRef = 08D86BCE1C1F2EF000470C86 /* json_tool.h */; };
		08D86BD61C1F2EF000470C86 /* json_value.cpp in Sources */ = {isa = PBXBuildFile; fileRef = 08D86BCF1C1F2EF000470C86 /* json_value.cpp */; };
		08D86BD71C1F2EF000470C86 /* json_writer.cpp in Sources */ = {isa = PBXBuildFile; fileRef = 08D86BD11C1F2EF000470C86 /* json_writer.cpp */; };
/* End PBXBuildFile section */

/* Begin PBXFileReference section */
		089BDC551C1EDF9D000EB11C /* libjsoncpp.a */ = {isa = PBXFileReference; explicitFileType = archive.ar; includeInIndex = 0; path = libjsoncpp.a; sourceTree = BUILT_PRODUCTS_DIR; };
		08D45C261C1F1A7A0048D8A7 /* json */ = {isa = PBXFileReference; lastKnownFileType = folder; name = json; path = json/include/json; sourceTree = "<group>"; };
		08D86BCD1C1F2EF000470C86 /* json_reader.cpp */ = {isa = PBXFileReference; fileEncoding = 4; lastKnownFileType = sourcecode.cpp.cpp; path = json_reader.cpp; sourceTree = "<group>"; };
		08D86BCE1C1F2EF000470C86 /* json_tool.h */ = {isa = PBXFileReference; fileEncoding = 4; lastKnownFileType = sourcecode.c.h; path = json_tool.h; sourceTree = "<group>"; };
		08D86BCF1C1F2EF000470C86 /* json_value.cpp */ = {isa = PBXFileReference; fileEncoding = 4; lastKnownFileType = sourcecode.cpp.cpp; path = json_value.cpp; sourceTree = "<group>"; };
		08D86BD01C1F2EF000470C86 /* json_valueiterator.inl */ = {isa = PBXFileReference; fileEncoding = 4; lastKnownFileType = text; path = json_valueiterator.inl; sourceTree = "<group>"; };
		08D86BD11C1F2EF000470C86 /* json_writer.cpp */ = {isa = PBXFileReference; fileEncoding = 4; lastKnownFileType = sourcecode.cpp.cpp; path = json_writer.cpp; sourceTree = "<group>"; };
/* End PBXFileReference section */

/* Begin PBXFrameworksBuildPhase section */
		089BDC521C1EDF9D000EB11C /* Frameworks */ = {
			isa = PBXFrameworksBuildPhase;
			buildActionMask = 2147483647;
			files = (
			);
			runOnlyForDeploymentPostprocessing = 0;
		};
/* End PBXFrameworksBuildPhase section */

/* Begin PBXGroup section */
		089BDC4C1C1EDF9D000EB11C = {
			isa = PBXGroup;
			children = (
				08D86BCB1C1F2EF000470C86 /* lib_json */,
				08D45C261C1F1A7A0048D8A7 /* json */,
				089BDC561C1EDF9D000EB11C /* Products */,
			);
			sourceTree = "<group>";
		};
		089BDC561C1EDF9D000EB11C /* Products */ = {
			isa = PBXGroup;
			children = (
				089BDC551C1EDF9D000EB11C /* libjsoncpp.a */,
			);
			name = Products;
			sourceTree = "<group>";
		};
		08D86BCB1C1F2EF000470C86 /* lib_json */ = {
			isa = PBXGroup;
			children = (
				08D86BCD1C1F2EF000470C86 /* json_reader.cpp */,
				08D86BCE1C1F2EF000470C86 /* json_tool.h */,
				08D86BCF1C1F2EF000470C86 /* json_value.cpp */,
				08D86BD01C1F2EF000470C86 /* json_valueiterator.inl */,
				08D86BD11C1F2EF000470C86 /* json_writer.cpp */,
			);
			name = lib_json;
			path = json/src/lib_json;
			sourceTree = "<group>";
		};
/* End PBXGroup section */

/* Begin PBXHeadersBuildPhase section */
		089BDC531C1EDF9D000EB11C /* Headers */ = {
			isa = PBXHeadersBuildPhase;
			buildActionMask = 2147483647;
			files = (
				08D86BD51C1F2EF000470C86 /* json_tool.h in Headers */,
				08D45C321C1F1BC70048D8A7 /* json in Headers */,
			);
			runOnlyForDeploymentPostprocessing = 0;
		};
/* End PBXHeadersBuildPhase section */

/* Begin PBXNativeTarget section */
		089BDC541C1EDF9D000EB11C /* jsoncpp */ = {
			isa = PBXNativeTarget;
			buildConfigurationList = 089BDC601C1EDF9D000EB11C /* Build configuration list for PBXNativeTarget "jsoncpp" */;
			buildPhases = (
				089BDC511C1EDF9D000EB11C /* Sources */,
				089BDC521C1EDF9D000EB11C /* Frameworks */,
				089BDC531C1EDF9D000EB11C /* Headers */,
			);
			buildRules = (
			);
			dependencies = (
			);
			name = jsoncpp;
			productName = jsoncpp;
			productReference = 089BDC551C1EDF9D000EB11C /* libjsoncpp.a */;
			productType = "com.apple.product-type.library.static";
		};
/* End PBXNativeTarget section */

/* Begin PBXProject section */
		089BDC4D1C1EDF9D000EB11C /* Project object */ = {
			isa = PBXProject;
			attributes = {
				LastUpgradeCheck = 0720;
				ORGANIZATIONNAME = "Vladyslav Yerofieiev";
				TargetAttributes = {
					089BDC541C1EDF9D000EB11C = {
						CreatedOnToolsVersion = 7.2;
					};
				};
			};
			buildConfigurationList = 089BDC501C1EDF9D000EB11C /* Build configuration list for PBXProject "jsoncpp" */;
			compatibilityVersion = "Xcode 3.2";
			developmentRegion = English;
			hasScannedForEncodings = 0;
			knownRegions = (
				en,
			);
			mainGroup = 089BDC4C1C1EDF9D000EB11C;
			productRefGroup = 089BDC561C1EDF9D000EB11C /* Products */;
			projectDirPath = "";
			projectRoot = "";
			targets = (
				089BDC541C1EDF9D000EB11C /* jsoncpp */,
			);
		};
/* End PBXProject section */

/* Begin PBXSourcesBuildPhase section */
		089BDC511C1EDF9D000EB11C /* Sources */ = {
			isa = PBXSourcesBuildPhase;
			buildActionMask = 2147483647;
			files = (
				08D86BD41C1F2EF000470C86 /* json_reader.cpp in Sources */,
				08D86BD61C1F2EF000470C86 /* json_value.cpp in Sources */,
				08D86BD71C1F2EF000470C86 /* json_writer.cpp in Sources */,
			);
			runOnlyForDeploymentPostprocessing = 0;
		};
/* End PBXSourcesBuildPhase section */

/* Begin XCBuildConfiguration section */
		089BDC5E1C1EDF9D000EB11C /* Debug */ = {
			isa = XCBuildConfiguration;
			buildSettings = {
				ALWAYS_SEARCH_USER_PATHS = NO;
				CLANG_CXX_LANGUAGE_STANDARD = "gnu++0x";
				CLANG_CXX_LIBRARY = "libc++";
				CLANG_ENABLE_MODULES = YES;
				CLANG_ENABLE_OBJC_ARC = YES;
				CLANG_WARN_BOOL_CONVERSION = YES;
				CLANG_WARN_CONSTANT_CONVERSION = YES;
				CLANG_WARN_DIRECT_OBJC_ISA_USAGE = YES_ERROR;
				CLANG_WARN_EMPTY_BODY = YES;
				CLANG_WARN_ENUM_CONVERSION = YES;
				CLANG_WARN_INT_CONVERSION = YES;
				CLANG_WARN_OBJC_ROOT_CLASS = YES_ERROR;
				CLANG_WARN_UNREACHABLE_CODE = YES;
				CLANG_WARN__DUPLICATE_METHOD_MATCH = YES;
				CODE_SIGN_IDENTITY = "-";
				COPY_PHASE_STRIP = NO;
				DEBUG_INFORMATION_FORMAT = dwarf;
				ENABLE_STRICT_OBJC_MSGSEND = YES;
				ENABLE_TESTABILITY = YES;
				GCC_C_LANGUAGE_STANDARD = gnu99;
				GCC_DYNAMIC_NO_PIC = NO;
				GCC_NO_COMMON_BLOCKS = YES;
				GCC_OPTIMIZATION_LEVEL = 0;
				GCC_PREPROCESSOR_DEFINITIONS = (
					"DEBUG=1",
					"$(inherited)",
				);
				GCC_WARN_64_TO_32_BIT_CONVERSION = YES;
				GCC_WARN_ABOUT_RETURN_TYPE = YES_ERROR;
				GCC_WARN_UNDECLARED_SELECTOR = YES;
				GCC_WARN_UNINITIALIZED_AUTOS = YES_AGGRESSIVE;
				GCC_WARN_UNUSED_FUNCTION = YES;
				GCC_WARN_UNUSED_VARIABLE = YES;
				MACOSX_DEPLOYMENT_TARGET = 10.11;
				MTL_ENABLE_DEBUG_INFO = YES;
				ONLY_ACTIVE_ARCH = YES;
				SDKROOT = macosx;
			};
			name = Debug;
		};
		089BDC5F1C1EDF9D000EB11C /* Release */ = {
			isa = XCBuildConfiguration;
			buildSettings = {
				ALWAYS_SEARCH_USER_PATHS = NO;
				CLANG_CXX_LANGUAGE_STANDARD = "gnu++0x";
				CLANG_CXX_LIBRARY = "libc++";
				CLANG_ENABLE_MODULES = YES;
				CLANG_ENABLE_OBJC_ARC = YES;
				CLANG_WARN_BOOL_CONVERSION = YES;
				CLANG_WARN_CONSTANT_CONVERSION = YES;
				CLANG_WARN_DIRECT_OBJC_ISA_USAGE = YES_ERROR;
				CLANG_WARN_EMPTY_BODY = YES;
				CLANG_WARN_ENUM_CONVERSION = YES;
				CLANG_WARN_INT_CONVERSION = YES;
				CLANG_WARN_OBJC_ROOT_CLASS = YES_ERROR;
				CLANG_WARN_UNREACHABLE_CODE = YES;
				CLANG_WARN__DUPLICATE_METHOD_MATCH = YES;
				CODE_SIGN_IDENTITY = "-";
				COPY_PHASE_STRIP = NO;
				DEBUG_INFORMATION_FORMAT = "dwarf-with-dsym";
				ENABLE_NS_ASSERTIONS = NO;
				ENABLE_STRICT_OBJC_MSGSEND = YES;
				GCC_C_LANGUAGE_STANDARD = gnu99;
				GCC_NO_COMMON_BLOCKS = YES;
				GCC_WARN_64_TO_32_BIT_CONVERSION = YES;
				GCC_WARN_ABOUT_RETURN_TYPE = YES_ERROR;
				GCC_WARN_UNDECLARED_SELECTOR = YES;
				GCC_WARN_UNINITIALIZED_AUTOS = YES_AGGRESSIVE;
				GCC_WARN_UNUSED_FUNCTION = YES;
				GCC_WARN_UNUSED_VARIABLE = YES;
				MACOSX_DEPLOYMENT_TARGET = 10.11;
				MTL_ENABLE_DEBUG_INFO = NO;
				SDKROOT = macosx;
			};
			name = Release;
		};
		089BDC611C1EDF9D000EB11C /* Debug */ = {
			isa = XCBuildConfiguration;
			buildSettings = {
				ALWAYS_SEARCH_USER_PATHS = YES;
				CONFIGURATION_BUILD_DIR = "$(SRCROOT)/../osx/lib/$(CONFIGURATION)$(EFFECTIVE_PLATFORM_NAME)";
				EXECUTABLE_PREFIX = lib;
				GCC_ENABLE_CPP_EXCEPTIONS = YES;
				GCC_ENABLE_CPP_RTTI = YES;
				HEADER_SEARCH_PATHS = "$(SRCROOT)/json/include";
				PRIVATE_HEADERS_FOLDER_PATH = /usr/local/include;
				PRODUCT_NAME = "$(TARGET_NAME)";
				PUBLIC_HEADERS_FOLDER_PATH = /../../../include;
				USER_HEADER_SEARCH_PATHS = "$(SRCROOT)/json/include";
			};
			name = Debug;
		};
		089BDC621C1EDF9D000EB11C /* Release */ = {
			isa = XCBuildConfiguration;
			buildSettings = {
				ALWAYS_SEARCH_USER_PATHS = YES;
				CONFIGURATION_BUILD_DIR = "$(SRCROOT)/../osx/lib/$(CONFIGURATION)$(EFFECTIVE_PLATFORM_NAME)";
				EXECUTABLE_PREFIX = lib;
				GCC_ENABLE_CPP_EXCEPTIONS = YES;
				GCC_ENABLE_CPP_RTTI = YES;
				HEADER_SEARCH_PATHS = "$(SRCROOT)/json/include";
				PRIVATE_HEADERS_FOLDER_PATH = /usr/local/include;
				PRODUCT_NAME = "$(TARGET_NAME)";
				PUBLIC_HEADERS_FOLDER_PATH = /../../../include;
				USER_HEADER_SEARCH_PATHS = "$(SRCROOT)/json/include";
			};
			name = Release;
		};
/* End XCBuildConfiguration section */

/* Begin XCConfigurationList section */
		089BDC501C1EDF9D000EB11C /* Build configuration list for PBXProject "jsoncpp" */ = {
			isa = XCConfigurationList;
			buildConfigurations = (
				089BDC5E1C1EDF9D000EB11C /* Debug */,
				089BDC5F1C1EDF9D000EB11C /* Release */,
			);
			defaultConfigurationIsVisible = 0;
			defaultConfigurationName = Release;
		};
		089BDC601C1EDF9D000EB11C /* Build configuration list for PBXNativeTarget "jsoncpp" */ = {
			isa = XCConfigurationList;
			buildConfigurations = (
				089BDC611C1EDF9D000EB11C /* Debug */,
				089BDC621C1EDF9D000EB11C /* Release */,
			);
			defaultConfigurationIsVisible = 0;
			defaultConfigurationName = Release;
		};
/* End XCConfigurationList section */
	};
	rootObject = 089BDC4D1C1EDF9D000EB11C /* Project object */;
}
